
Microsoft Visual Studio Solution File, Format Version 12.00
# Visual Studio Version 17
VisualStudioVersion = 17.9.34723.18
MinimumVisualStudioVersion = 10.0.40219.1
Project("{9A19103F-16F7-4668-BE54-9A1E7A4F7556}") = "Squelette", "Squelette.csproj", "{91466903-2609-442F-8F62-5BAE2252C124}"
EndProject
Global
	GlobalSection(SolutionConfigurationPlatforms) = preSolution
		Debug|Any CPU = Debug|Any CPU
		Release|Any CPU = Release|Any CPU
	EndGlobalSection
	GlobalSection(ProjectConfigurationPlatforms) = postSolution
		{91466903-2609-442F-8F62-5BAE2252C124}.Debug|Any CPU.ActiveCfg = Debug|Any CPU
		{91466903-2609-442F-8F62-5BAE2252C124}.Debug|Any CPU.Build.0 = Debug|Any CPU
		{91466903-2609-442F-8F62-5BAE2252C124}.Release|Any CPU.ActiveCfg = Release|Any CPU
		{91466903-2609-442F-8F62-5BAE2252C124}.Release|Any CPU.Build.0 = Release|Any CPU
	EndGlobalSection
	GlobalSection(SolutionProperties) = preSolution
		HideSolutionNode = FALSE
	EndGlobalSection
	GlobalSection(ExtensibilityGlobals) = postSolution
		SolutionGuid = {B4598261-5E75-4C44-A501-7068E48F32D9}
	EndGlobalSection
EndGlobal
